// !$*UTF8*$!
{
	archiveVersion = 1;
	classes = {
	};
	objectVersion = 46;
	objects = {

/* Begin PBXBuildFile section */
		B92B559015E4621C0036A8A2 /* CoreBluetooth.framework in Frameworks */ = {isa = PBXBuildFile; fileRef = B92B558F15E4621C0036A8A2 /* CoreBluetooth.framework */; };
		B9F9161A15D5806400B3B398 /* UIKit.framework in Frameworks */ = {isa = PBXBuildFile; fileRef = B9F9161915D5806400B3B398 /* UIKit.framework */; };
		B9F9161C15D5806400B3B398 /* Foundation.framework in Frameworks */ = {isa = PBXBuildFile; fileRef = B9F9161B15D5806400B3B398 /* Foundation.framework */; };
		B9F9161E15D5806400B3B398 /* CoreGraphics.framework in Frameworks */ = {isa = PBXBuildFile; fileRef = B9F9161D15D5806400B3B398 /* CoreGraphics.framework */; };
		B9F9162415D5806400B3B398 /* InfoPlist.strings in Resources */ = {isa = PBXBuildFile; fileRef = B9F9162215D5806400B3B398 /* InfoPlist.strings */; };
		B9F9162615D5806400B3B398 /* main.m in Sources */ = {isa = PBXBuildFile; fileRef = B9F9162515D5806400B3B398 /* main.m */; };
		B9F9162A15D5806400B3B398 /* AppDelegate.m in Sources */ = {isa = PBXBuildFile; fileRef = B9F9162915D5806400B3B398 /* AppDelegate.m */; };
		B9F9163315D5806500B3B398 /* MainStoryboard.storyboard in Resources */ = {isa = PBXBuildFile; fileRef = B9F9163115D5806500B3B398 /* MainStoryboard.storyboard */; };
		B9F9163915D5806500B3B398 /* ViewController.m in Sources */ = {isa = PBXBuildFile; fileRef = B9F9163815D5806500B3B398 /* ViewController.m */; };
		D447CDAC1FD4FD160011F3E0 /* Default-568h@2x.png in Resources */ = {isa = PBXBuildFile; fileRef = D447CDAB1FD4FD150011F3E0 /* Default-568h@2x.png */; };
		D449BAA31FCB6B010004A033 /* ConnectBLEZPrinterViewController.m in Sources */ = {isa = PBXBuildFile; fileRef = D449BAA21FCB6B010004A033 /* ConnectBLEZPrinterViewController.m */; };
		D46C9A181FBF659600AEBE8F /* ScanBLEZPrinterTableViewController.m in Sources */ = {isa = PBXBuildFile; fileRef = D46C9A171FBF659600AEBE8F /* ScanBLEZPrinterTableViewController.m */; };
/* End PBXBuildFile section */

/* Begin PBXFileReference section */
		B92B558F15E4621C0036A8A2 /* CoreBluetooth.framework */ = {isa = PBXFileReference; lastKnownFileType = wrapper.framework; name = CoreBluetooth.framework; path = System/Library/Frameworks/CoreBluetooth.framework; sourceTree = SDKROOT; };
		B9F9161515D5806400B3B398 /* ZebraPrinterBLEDemo.app */ = {isa = PBXFileReference; explicitFileType = wrapper.application; includeInIndex = 0; path = ZebraPrinterBLEDemo.app; sourceTree = BUILT_PRODUCTS_DIR; };
		B9F9161915D5806400B3B398 /* UIKit.framework */ = {isa = PBXFileReference; lastKnownFileType = wrapper.framework; name = UIKit.framework; path = System/Library/Frameworks/UIKit.framework; sourceTree = SDKROOT; };
		B9F9161B15D5806400B3B398 /* Foundation.framework */ = {isa = PBXFileReference; lastKnownFileType = wrapper.framework; name = Foundation.framework; path = System/Library/Frameworks/Foundation.framework; sourceTree = SDKROOT; };
		B9F9161D15D5806400B3B398 /* CoreGraphics.framework */ = {isa = PBXFileReference; lastKnownFileType = wrapper.framework; name = CoreGraphics.framework; path = System/Library/Frameworks/CoreGraphics.framework; sourceTree = SDKROOT; };
		B9F9162115D5806400B3B398 /* ZebraPrinterBLEDemo-Info.plist */ = {isa = PBXFileReference; lastKnownFileType = text.plist.xml; path = "ZebraPrinterBLEDemo-Info.plist"; sourceTree = "<group>"; };
		B9F9162315D5806400B3B398 /* en */ = {isa = PBXFileReference; lastKnownFileType = text.plist.strings; name = en; path = en.lproj/InfoPlist.strings; sourceTree = "<group>"; };
		B9F9162515D5806400B3B398 /* main.m */ = {isa = PBXFileReference; lastKnownFileType = sourcecode.c.objc; path = main.m; sourceTree = "<group>"; };
		B9F9162715D5806400B3B398 /* ZebraPrinterBLEDemo-Prefix.pch */ = {isa = PBXFileReference; lastKnownFileType = sourcecode.c.h; path = "ZebraPrinterBLEDemo-Prefix.pch"; sourceTree = "<group>"; };
		B9F9162815D5806400B3B398 /* AppDelegate.h */ = {isa = PBXFileReference; lastKnownFileType = sourcecode.c.h; path = AppDelegate.h; sourceTree = "<group>"; };
		B9F9162915D5806400B3B398 /* AppDelegate.m */ = {isa = PBXFileReference; lastKnownFileType = sourcecode.c.objc; path = AppDelegate.m; sourceTree = "<group>"; };
		B9F9163215D5806500B3B398 /* en */ = {isa = PBXFileReference; lastKnownFileType = file.storyboard; name = en; path = en.lproj/MainStoryboard.storyboard; sourceTree = "<group>"; };
		B9F9163715D5806500B3B398 /* ViewController.h */ = {isa = PBXFileReference; lastKnownFileType = sourcecode.c.h; path = ViewController.h; sourceTree = "<group>"; };
		B9F9163815D5806500B3B398 /* ViewController.m */ = {isa = PBXFileReference; lastKnownFileType = sourcecode.c.objc; path = ViewController.m; sourceTree = "<group>"; };
		D41FF2F01FBE45F000F40E9A /* ZPrinterLEService.h */ = {isa = PBXFileReference; lastKnownFileType = sourcecode.c.h; path = ZPrinterLEService.h; sourceTree = "<group>"; };
		D447CDAB1FD4FD150011F3E0 /* Default-568h@2x.png */ = {isa = PBXFileReference; lastKnownFileType = image.png; path = "Default-568h@2x.png"; sourceTree = "<group>"; };
		D449BAA11FCB6B010004A033 /* ConnectBLEZPrinterViewController.h */ = {isa = PBXFileReference; lastKnownFileType = sourcecode.c.h; path = ConnectBLEZPrinterViewController.h; sourceTree = "<group>"; };
		D449BAA21FCB6B010004A033 /* ConnectBLEZPrinterViewController.m */ = {isa = PBXFileReference; lastKnownFileType = sourcecode.c.objc; path = ConnectBLEZPrinterViewController.m; sourceTree = "<group>"; };
		D46C9A161FBF659600AEBE8F /* ScanBLEZPrinterTableViewController.h */ = {isa = PBXFileReference; lastKnownFileType = sourcecode.c.h; path = ScanBLEZPrinterTableViewController.h; sourceTree = "<group>"; };
		D46C9A171FBF659600AEBE8F /* ScanBLEZPrinterTableViewController.m */ = {isa = PBXFileReference; lastKnownFileType = sourcecode.c.objc; path = ScanBLEZPrinterTableViewController.m; sourceTree = "<group>"; };
/* End PBXFileReference section */

/* Begin PBXFrameworksBuildPhase section */
		B9F9161215D5806400B3B398 /* Frameworks */ = {
			isa = PBXFrameworksBuildPhase;
			buildActionMask = 2147483647;
			files = (
				B92B559015E4621C0036A8A2 /* CoreBluetooth.framework in Frameworks */,
				B9F9161A15D5806400B3B398 /* UIKit.framework in Frameworks */,
				B9F9161C15D5806400B3B398 /* Foundation.framework in Frameworks */,
				B9F9161E15D5806400B3B398 /* CoreGraphics.framework in Frameworks */,
			);
			runOnlyForDeploymentPostprocessing = 0;
		};
/* End PBXFrameworksBuildPhase section */

/* Begin PBXGroup section */
		B9F9160A15D5806400B3B398 = {
			isa = PBXGroup;
			children = (
				D447CDAB1FD4FD150011F3E0 /* Default-568h@2x.png */,
				B9F9161F15D5806400B3B398 /* ZebraPrinterBLEDemo */,
				B9F9161815D5806400B3B398 /* Frameworks */,
				B9F9161615D5806400B3B398 /* Products */,
			);
			sourceTree = "<group>";
		};
		B9F9161615D5806400B3B398 /* Products */ = {
			isa = PBXGroup;
			children = (
				B9F9161515D5806400B3B398 /* ZebraPrinterBLEDemo.app */,
			);
			name = Products;
			sourceTree = "<group>";
		};
		B9F9161815D5806400B3B398 /* Frameworks */ = {
			isa = PBXGroup;
			children = (
				B92B558F15E4621C0036A8A2 /* CoreBluetooth.framework */,
				B9F9161915D5806400B3B398 /* UIKit.framework */,
				B9F9161B15D5806400B3B398 /* Foundation.framework */,
				B9F9161D15D5806400B3B398 /* CoreGraphics.framework */,
			);
			name = Frameworks;
			sourceTree = "<group>";
		};
		B9F9161F15D5806400B3B398 /* ZebraPrinterBLEDemo */ = {
			isa = PBXGroup;
			children = (
				B9F9162815D5806400B3B398 /* AppDelegate.h */,
				B9F9162915D5806400B3B398 /* AppDelegate.m */,
				B9F9163115D5806500B3B398 /* MainStoryboard.storyboard */,
				B9F9163715D5806500B3B398 /* ViewController.h */,
				B9F9163815D5806500B3B398 /* ViewController.m */,
				D449BAA11FCB6B010004A033 /* ConnectBLEZPrinterViewController.h */,
				D449BAA21FCB6B010004A033 /* ConnectBLEZPrinterViewController.m */,
				D46C9A161FBF659600AEBE8F /* ScanBLEZPrinterTableViewController.h */,
				D46C9A171FBF659600AEBE8F /* ScanBLEZPrinterTableViewController.m */,
				D41FF2F01FBE45F000F40E9A /* ZPrinterLEService.h */,
				B9F9162015D5806400B3B398 /* Supporting Files */,
			);
			path = ZebraPrinterBLEDemo;
			sourceTree = "<group>";
		};
		B9F9162015D5806400B3B398 /* Supporting Files */ = {
			isa = PBXGroup;
			children = (
				B9F9162115D5806400B3B398 /* ZebraPrinterBLEDemo-Info.plist */,
				B9F9162215D5806400B3B398 /* InfoPlist.strings */,
				B9F9162515D5806400B3B398 /* main.m */,
				B9F9162715D5806400B3B398 /* ZebraPrinterBLEDemo-Prefix.pch */,
			);
			name = "Supporting Files";
			sourceTree = "<group>";
		};
/* End PBXGroup section */

/* Begin PBXNativeTarget section */
		B9F9161415D5806400B3B398 /* ZebraPrinterBLEDemo */ = {
			isa = PBXNativeTarget;
			buildConfigurationList = B9F9163C15D5806500B3B398 /* Build configuration list for PBXNativeTarget "ZebraPrinterBLEDemo" */;
			buildPhases = (
				B9F9161115D5806400B3B398 /* Sources */,
				B9F9161215D5806400B3B398 /* Frameworks */,
				B9F9161315D5806400B3B398 /* Resources */,
			);
			buildRules = (
			);
			dependencies = (
			);
			name = ZebraPrinterBLEDemo;
			productName = "LE Transfer";
			productReference = B9F9161515D5806400B3B398 /* ZebraPrinterBLEDemo.app */;
			productType = "com.apple.product-type.application";
		};
/* End PBXNativeTarget section */

/* Begin PBXProject section */
		B9F9160C15D5806400B3B398 /* Project object */ = {
			isa = PBXProject;
			attributes = {
				LastUpgradeCheck = 0910;
				ORGANIZATIONNAME = Zebra;
				TargetAttributes = {
					B9F9161415D5806400B3B398 = {
						DevelopmentTeam = W4T6449ACA;
					};
				};
			};
			buildConfigurationList = B9F9160F15D5806400B3B398 /* Build configuration list for PBXProject "ZebraPrinterBLEDemo" */;
			compatibilityVersion = "Xcode 3.2";
			developmentRegion = English;
			hasScannedForEncodings = 0;
			knownRegions = (
				en,
			);
			mainGroup = B9F9160A15D5806400B3B398;
			productRefGroup = B9F9161615D5806400B3B398 /* Products */;
			projectDirPath = "";
			projectRoot = "";
			targets = (
				B9F9161415D5806400B3B398 /* ZebraPrinterBLEDemo */,
			);
		};
/* End PBXProject section */

/* Begin PBXResourcesBuildPhase section */
		B9F9161315D5806400B3B398 /* Resources */ = {
			isa = PBXResourcesBuildPhase;
			buildActionMask = 2147483647;
			files = (
				B9F9162415D5806400B3B398 /* InfoPlist.strings in Resources */,
				B9F9163315D5806500B3B398 /* MainStoryboard.storyboard in Resources */,
				D447CDAC1FD4FD160011F3E0 /* Default-568h@2x.png in Resources */,
			);
			runOnlyForDeploymentPostprocessing = 0;
		};
/* End PBXResourcesBuildPhase section */

/* Begin PBXSourcesBuildPhase section */
		B9F9161115D5806400B3B398 /* Sources */ = {
			isa = PBXSourcesBuildPhase;
			buildActionMask = 2147483647;
			files = (
				B9F9162615D5806400B3B398 /* main.m in Sources */,
				B9F9162A15D5806400B3B398 /* AppDelegate.m in Sources */,
				B9F9163915D5806500B3B398 /* ViewController.m in Sources */,
				D46C9A181FBF659600AEBE8F /* ScanBLEZPrinterTableViewController.m in Sources */,
				D449BAA31FCB6B010004A033 /* ConnectBLEZPrinterViewController.m in Sources */,
			);
			runOnlyForDeploymentPostprocessing = 0;
		};
/* End PBXSourcesBuildPhase section */

/* Begin PBXVariantGroup section */
		B9F9162215D5806400B3B398 /* InfoPlist.strings */ = {
			isa = PBXVariantGroup;
			children = (
				B9F9162315D5806400B3B398 /* en */,
			);
			name = InfoPlist.strings;
			sourceTree = "<group>";
		};
		B9F9163115D5806500B3B398 /* MainStoryboard.storyboard */ = {
			isa = PBXVariantGroup;
			children = (
				B9F9163215D5806500B3B398 /* en */,
			);
			name = MainStoryboard.storyboard;
			sourceTree = "<group>";
		};
/* End PBXVariantGroup section */

/* Begin XCBuildConfiguration section */
		B9F9163A15D5806500B3B398 /* Debug */ = {
			isa = XCBuildConfiguration;
			buildSettings = {
				ALWAYS_SEARCH_USER_PATHS = NO;
				CLANG_CXX_LANGUAGE_STANDARD = "gnu++0x";
				CLANG_CXX_LIBRARY = "libc++";
				CLANG_WARN_BLOCK_CAPTURE_AUTORELEASING = YES;
				CLANG_WARN_BOOL_CONVERSION = YES;
				CLANG_WARN_COMMA = YES;
				CLANG_WARN_CONSTANT_CONVERSION = YES;
				CLANG_WARN_EMPTY_BODY = YES;
				CLANG_WARN_ENUM_CONVERSION = YES;
				CLANG_WARN_INFINITE_RECURSION = YES;
				CLANG_WARN_INT_CONVERSION = YES;
				CLANG_WARN_NON_LITERAL_NULL_CONVERSION = YES;
				CLANG_WARN_OBJC_LITERAL_CONVERSION = YES;
				CLANG_WARN_RANGE_LOOP_ANALYSIS = YES;
				CLANG_WARN_STRICT_PROTOTYPES = YES;
				CLANG_WARN_SUSPICIOUS_MOVE = YES;
				CLANG_WARN_UNREACHABLE_CODE = YES;
				CLANG_WARN__DUPLICATE_METHOD_MATCH = YES;
				"CODE_SIGN_IDENTITY[sdk=iphoneos*]" = "iPhone Developer";
				COPY_PHASE_STRIP = NO;
				ENABLE_STRICT_OBJC_MSGSEND = YES;
				ENABLE_TESTABILITY = YES;
				GCC_C_LANGUAGE_STANDARD = gnu99;
				GCC_DYNAMIC_NO_PIC = NO;
				GCC_NO_COMMON_BLOCKS = YES;
				GCC_OPTIMIZATION_LEVEL = 0;
				GCC_PREPROCESSOR_DEFINITIONS = (
					"DEBUG=1",
					"$(inherited)",
				);
				GCC_SYMBOLS_PRIVATE_EXTERN = NO;
				GCC_WARN_64_TO_32_BIT_CONVERSION = YES;
				GCC_WARN_ABOUT_RETURN_TYPE = YES;
				GCC_WARN_UNDECLARED_SELECTOR = YES;
				GCC_WARN_UNINITIALIZED_AUTOS = YES;
				GCC_WARN_UNUSED_FUNCTION = YES;
				GCC_WARN_UNUSED_VARIABLE = YES;
				IPHONEOS_DEPLOYMENT_TARGET = 8.0;
				ONLY_ACTIVE_ARCH = YES;
				SDKROOT = iphoneos;
				TARGETED_DEVICE_FAMILY = "1,2";
			};
			name = Debug;
		};
		B9F9163B15D5806500B3B398 /* Release */ = {
			isa = XCBuildConfiguration;
			buildSettings = {
				ALWAYS_SEARCH_USER_PATHS = NO;
				CLANG_CXX_LANGUAGE_STANDARD = "gnu++0x";
				CLANG_CXX_LIBRARY = "libc++";
				CLANG_WARN_BLOCK_CAPTURE_AUTORELEASING = YES;
				CLANG_WARN_BOOL_CONVERSION = YES;
				CLANG_WARN_COMMA = YES;
				CLANG_WARN_CONSTANT_CONVERSION = YES;
				CLANG_WARN_EMPTY_BODY = YES;
				CLANG_WARN_ENUM_CONVERSION = YES;
				CLANG_WARN_INFINITE_RECURSION = YES;
				CLANG_WARN_INT_CONVERSION = YES;
				CLANG_WARN_NON_LITERAL_NULL_CONVERSION = YES;
				CLANG_WARN_OBJC_LITERAL_CONVERSION = YES;
				CLANG_WARN_RANGE_LOOP_ANALYSIS = YES;
				CLANG_WARN_STRICT_PROTOTYPES = YES;
				CLANG_WARN_SUSPICIOUS_MOVE = YES;
				CLANG_WARN_UNREACHABLE_CODE = YES;
				CLANG_WARN__DUPLICATE_METHOD_MATCH = YES;
				"CODE_SIGN_IDENTITY[sdk=iphoneos*]" = "iPhone Developer";
				COPY_PHASE_STRIP = YES;
				ENABLE_STRICT_OBJC_MSGSEND = YES;
				GCC_C_LANGUAGE_STANDARD = gnu99;
				GCC_NO_COMMON_BLOCKS = YES;
				GCC_WARN_64_TO_32_BIT_CONVERSION = YES;
				GCC_WARN_ABOUT_RETURN_TYPE = YES;
				GCC_WARN_UNDECLARED_SELECTOR = YES;
				GCC_WARN_UNINITIALIZED_AUTOS = YES;
				GCC_WARN_UNUSED_FUNCTION = YES;
				GCC_WARN_UNUSED_VARIABLE = YES;
				IPHONEOS_DEPLOYMENT_TARGET = 8.0;
				OTHER_CFLAGS = "-DNS_BLOCK_ASSERTIONS=1";
				SDKROOT = iphoneos;
				TARGETED_DEVICE_FAMILY = "1,2";
				VALIDATE_PRODUCT = YES;
			};
			name = Release;
		};
		B9F9163D15D5806500B3B398 /* Debug */ = {
			isa = XCBuildConfiguration;
			buildSettings = {
				CLANG_ENABLE_OBJC_ARC = YES;
				CLANG_WARN_OBJCPP_ARC_ABI = YES;
				CODE_SIGN_IDENTITY = "iPhone Developer";
				DEVELOPMENT_TEAM = W4T6449ACA;
				GCC_PRECOMPILE_PREFIX_HEADER = YES;
				GCC_PREFIX_HEADER = "";
				INFOPLIST_FILE = "$(SRCROOT)/ZebraPrinterBLEDemo/ZebraPrinterBLEDemo-Info.plist";
				IPHONEOS_DEPLOYMENT_TARGET = 11.1;
				PRODUCT_BUNDLE_IDENTIFIER = com.ssi.ZebraPrinterBLEDemo;
				PRODUCT_NAME = ZebraPrinterBLEDemo;
				PROVISIONING_PROFILE = "";
				SDKROOT = iphoneos;
				WRAPPER_EXTENSION = app;
			};
			name = Debug;
		};
		B9F9163E15D5806500B3B398 /* Release */ = {
			isa = XCBuildConfiguration;
			buildSettings = {
				CLANG_ENABLE_OBJC_ARC = YES;
				CLANG_WARN_OBJCPP_ARC_ABI = YES;
				CODE_SIGN_IDENTITY = "iPhone Developer";
				DEVELOPMENT_TEAM = W4T6449ACA;
				GCC_PRECOMPILE_PREFIX_HEADER = YES;
				GCC_PREFIX_HEADER = "";
				INFOPLIST_FILE = "$(SRCROOT)/ZebraPrinterBLEDemo/ZebraPrinterBLEDemo-Info.plist";
				IPHONEOS_DEPLOYMENT_TARGET = 11.1;
				PRODUCT_BUNDLE_IDENTIFIER = com.ssi.ZebraPrinterBLEDemo;
				PRODUCT_NAME = ZebraPrinterBLEDemo;
				PROVISIONING_PROFILE = "";
				SDKROOT = iphoneos;
				WRAPPER_EXTENSION = app;
			};
			name = Release;
		};
/* End XCBuildConfiguration section */

/* Begin XCConfigurationList section */
		B9F9160F15D5806400B3B398 /* Build configuration list for PBXProject "ZebraPrinterBLEDemo" */ = {
			isa = XCConfigurationList;
			buildConfigurations = (
				B9F9163A15D5806500B3B398 /* Debug */,
				B9F9163B15D5806500B3B398 /* Release */,
			);
			defaultConfigurationIsVisible = 0;
			defaultConfigurationName = Release;
		};
		B9F9163C15D5806500B3B398 /* Build configuration list for PBXNativeTarget "ZebraPrinterBLEDemo" */ = {
			isa = XCConfigurationList;
			buildConfigurations = (
				B9F9163D15D5806500B3B398 /* Debug */,
				B9F9163E15D5806500B3B398 /* Release */,
			);
			defaultConfigurationIsVisible = 0;
			defaultConfigurationName = Release;
		};
/* End XCConfigurationList section */
	};
	rootObject = B9F9160C15D5806400B3B398 /* Project object */;
}
