// !$*UTF8*$!
{
	archiveVersion = 1;
	classes = {
	};
	objectVersion = 48;
	objects = {

/* Begin PBXBuildFile section */
		D41107E5206C8E470081777D /* Util.m in Sources */ = {isa = PBXBuildFile; fileRef = D41107E4206C8E470081777D /* Util.m */; };
		D43A6D0B206985B1001618BC /* TagDetailTableViewCell.m in Sources */ = {isa = PBXBuildFile; fileRef = D43A6D0A206985B1001618BC /* TagDetailTableViewCell.m */; };
		D43A6D0E206BE356001618BC /* PrinterStatusViewController.m in Sources */ = {isa = PBXBuildFile; fileRef = D43A6D0D206BE356001618BC /* PrinterStatusViewController.m */; };
		D487235B207EB14100ED4C08 /* ZebraBTLEConnection.m in Sources */ = {isa = PBXBuildFile; fileRef = D487235A207EB14000ED4C08 /* ZebraBTLEConnection.m */; };
		D4AABAF6208AE75300315F64 /* ZebraPrinterStatus.m in Sources */ = {isa = PBXBuildFile; fileRef = D4AABAF5208AE75300315F64 /* ZebraPrinterStatus.m */; };
		D4BC016920604B5E00BF5B1F /* AppDelegate.m in Sources */ = {isa = PBXBuildFile; fileRef = D4BC016820604B5E00BF5B1F /* AppDelegate.m */; };
		D4BC016C20604B5E00BF5B1F /* ViewController.m in Sources */ = {isa = PBXBuildFile; fileRef = D4BC016B20604B5E00BF5B1F /* ViewController.m */; };
		D4BC017120604B5E00BF5B1F /* Assets.xcassets in Resources */ = {isa = PBXBuildFile; fileRef = D4BC017020604B5E00BF5B1F /* Assets.xcassets */; };
		D4BC017420604B5E00BF5B1F /* LaunchScreen.storyboard in Resources */ = {isa = PBXBuildFile; fileRef = D4BC017220604B5E00BF5B1F /* LaunchScreen.storyboard */; };
		D4BC017720604B5E00BF5B1F /* main.m in Sources */ = {isa = PBXBuildFile; fileRef = D4BC017620604B5E00BF5B1F /* main.m */; };
		D4BC019F2060568D00BF5B1F /* Main.storyboard in Resources */ = {isa = PBXBuildFile; fileRef = D4BC019E2060568D00BF5B1F /* Main.storyboard */; };
		D4BC01A220606AC700BF5B1F /* ScannedTagsTableViewController.m in Sources */ = {isa = PBXBuildFile; fileRef = D4BC01A120606AC700BF5B1F /* ScannedTagsTableViewController.m */; };
		D4BC01A520606B2700BF5B1F /* TagDetailTableViewController.m in Sources */ = {isa = PBXBuildFile; fileRef = D4BC01A420606B2700BF5B1F /* TagDetailTableViewController.m */; };
/* End PBXBuildFile section */

/* Begin PBXContainerItemProxy section */
		D4BC017D20604B5E00BF5B1F /* PBXContainerItemProxy */ = {
			isa = PBXContainerItemProxy;
			containerPortal = D4BC015C20604B5E00BF5B1F /* Project object */;
			proxyType = 1;
			remoteGlobalIDString = D4BC016320604B5E00BF5B1F;
			remoteInfo = ZebraPrinterNFCDemo;
		};
		D4BC018820604B5E00BF5B1F /* PBXContainerItemProxy */ = {
			isa = PBXContainerItemProxy;
			containerPortal = D4BC015C20604B5E00BF5B1F /* Project object */;
			proxyType = 1;
			remoteGlobalIDString = D4BC016320604B5E00BF5B1F;
			remoteInfo = ZebraPrinterNFCDemo;
		};
/* End PBXContainerItemProxy section */

/* Begin PBXFileReference section */
		D41107E3206C8E470081777D /* Util.h */ = {isa = PBXFileReference; lastKnownFileType = sourcecode.c.h; path = Util.h; sourceTree = "<group>"; };
		D41107E4206C8E470081777D /* Util.m */ = {isa = PBXFileReference; lastKnownFileType = sourcecode.c.objc; path = Util.m; sourceTree = "<group>"; };
		D43A6D09206985B1001618BC /* TagDetailTableViewCell.h */ = {isa = PBXFileReference; lastKnownFileType = sourcecode.c.h; path = TagDetailTableViewCell.h; sourceTree = "<group>"; };
		D43A6D0A206985B1001618BC /* TagDetailTableViewCell.m */ = {isa = PBXFileReference; lastKnownFileType = sourcecode.c.objc; path = TagDetailTableViewCell.m; sourceTree = "<group>"; };
		D43A6D0C206BE356001618BC /* PrinterStatusViewController.h */ = {isa = PBXFileReference; lastKnownFileType = sourcecode.c.h; path = PrinterStatusViewController.h; sourceTree = "<group>"; };
		D43A6D0D206BE356001618BC /* PrinterStatusViewController.m */ = {isa = PBXFileReference; lastKnownFileType = sourcecode.c.objc; path = PrinterStatusViewController.m; sourceTree = "<group>"; };
		D4872359207EB14000ED4C08 /* ZebraBTLEConnection.h */ = {isa = PBXFileReference; fileEncoding = 4; lastKnownFileType = sourcecode.c.h; path = ZebraBTLEConnection.h; sourceTree = "<group>"; };
		D487235A207EB14000ED4C08 /* ZebraBTLEConnection.m */ = {isa = PBXFileReference; fileEncoding = 4; lastKnownFileType = sourcecode.c.objc; path = ZebraBTLEConnection.m; sourceTree = "<group>"; };
		D4AABAF4208AE75300315F64 /* ZebraPrinterStatus.h */ = {isa = PBXFileReference; lastKnownFileType = sourcecode.c.h; path = ZebraPrinterStatus.h; sourceTree = "<group>"; };
		D4AABAF5208AE75300315F64 /* ZebraPrinterStatus.m */ = {isa = PBXFileReference; lastKnownFileType = sourcecode.c.objc; path = ZebraPrinterStatus.m; sourceTree = "<group>"; };
		D4BC016420604B5E00BF5B1F /* ZebraPrinterNFCDemo.app */ = {isa = PBXFileReference; explicitFileType = wrapper.application; includeInIndex = 0; path = ZebraPrinterNFCDemo.app; sourceTree = BUILT_PRODUCTS_DIR; };
		D4BC016720604B5E00BF5B1F /* AppDelegate.h */ = {isa = PBXFileReference; lastKnownFileType = sourcecode.c.h; path = AppDelegate.h; sourceTree = "<group>"; };
		D4BC016820604B5E00BF5B1F /* AppDelegate.m */ = {isa = PBXFileReference; lastKnownFileType = sourcecode.c.objc; path = AppDelegate.m; sourceTree = "<group>"; };
		D4BC016A20604B5E00BF5B1F /* ViewController.h */ = {isa = PBXFileReference; lastKnownFileType = sourcecode.c.h; path = ViewController.h; sourceTree = "<group>"; };
		D4BC016B20604B5E00BF5B1F /* ViewController.m */ = {isa = PBXFileReference; lastKnownFileType = sourcecode.c.objc; path = ViewController.m; sourceTree = "<group>"; };
		D4BC017020604B5E00BF5B1F /* Assets.xcassets */ = {isa = PBXFileReference; lastKnownFileType = folder.assetcatalog; path = Assets.xcassets; sourceTree = "<group>"; };
		D4BC017320604B5E00BF5B1F /* Base */ = {isa = PBXFileReference; lastKnownFileType = file.storyboard; name = Base; path = Base.lproj/LaunchScreen.storyboard; sourceTree = "<group>"; };
		D4BC017520604B5E00BF5B1F /* Info.plist */ = {isa = PBXFileReference; lastKnownFileType = text.plist.xml; path = Info.plist; sourceTree = "<group>"; };
		D4BC017620604B5E00BF5B1F /* main.m */ = {isa = PBXFileReference; lastKnownFileType = sourcecode.c.objc; path = main.m; sourceTree = "<group>"; };
		D4BC017C20604B5E00BF5B1F /* ZebraPrinterNFCDemoTests.xctest */ = {isa = PBXFileReference; explicitFileType = wrapper.cfbundle; includeInIndex = 0; path = ZebraPrinterNFCDemoTests.xctest; sourceTree = BUILT_PRODUCTS_DIR; };
		D4BC018720604B5E00BF5B1F /* ZebraPrinterNFCDemoUITests.xctest */ = {isa = PBXFileReference; explicitFileType = wrapper.cfbundle; includeInIndex = 0; path = ZebraPrinterNFCDemoUITests.xctest; sourceTree = BUILT_PRODUCTS_DIR; };
		D4BC0199206052EE00BF5B1F /* ZebraPrinterNFCDemo.entitlements */ = {isa = PBXFileReference; lastKnownFileType = text.plist.entitlements; path = ZebraPrinterNFCDemo.entitlements; sourceTree = "<group>"; };
		D4BC019E2060568D00BF5B1F /* Main.storyboard */ = {isa = PBXFileReference; lastKnownFileType = file.storyboard; path = Main.storyboard; sourceTree = "<group>"; };
		D4BC01A020606AC700BF5B1F /* ScannedTagsTableViewController.h */ = {isa = PBXFileReference; lastKnownFileType = sourcecode.c.h; path = ScannedTagsTableViewController.h; sourceTree = "<group>"; };
		D4BC01A120606AC700BF5B1F /* ScannedTagsTableViewController.m */ = {isa = PBXFileReference; lastKnownFileType = sourcecode.c.objc; path = ScannedTagsTableViewController.m; sourceTree = "<group>"; };
		D4BC01A320606B2700BF5B1F /* TagDetailTableViewController.h */ = {isa = PBXFileReference; lastKnownFileType = sourcecode.c.h; path = TagDetailTableViewController.h; sourceTree = "<group>"; };
		D4BC01A420606B2700BF5B1F /* TagDetailTableViewController.m */ = {isa = PBXFileReference; lastKnownFileType = sourcecode.c.objc; path = TagDetailTableViewController.m; sourceTree = "<group>"; };
/* End PBXFileReference section */

/* Begin PBXFrameworksBuildPhase section */
		D4BC016120604B5E00BF5B1F /* Frameworks */ = {
			isa = PBXFrameworksBuildPhase;
			buildActionMask = 2147483647;
			files = (
			);
			runOnlyForDeploymentPostprocessing = 0;
		};
		D4BC017920604B5E00BF5B1F /* Frameworks */ = {
			isa = PBXFrameworksBuildPhase;
			buildActionMask = 2147483647;
			files = (
			);
			runOnlyForDeploymentPostprocessing = 0;
		};
		D4BC018420604B5E00BF5B1F /* Frameworks */ = {
			isa = PBXFrameworksBuildPhase;
			buildActionMask = 2147483647;
			files = (
			);
			runOnlyForDeploymentPostprocessing = 0;
		};
/* End PBXFrameworksBuildPhase section */

/* Begin PBXGroup section */
		D4BC015B20604B5E00BF5B1F = {
			isa = PBXGroup;
			children = (
				D4BC016620604B5E00BF5B1F /* ZebraPrinterNFCDemo */,
				D4BC016520604B5E00BF5B1F /* Products */,
			);
			sourceTree = "<group>";
		};
		D4BC016520604B5E00BF5B1F /* Products */ = {
			isa = PBXGroup;
			children = (
				D4BC016420604B5E00BF5B1F /* ZebraPrinterNFCDemo.app */,
				D4BC017C20604B5E00BF5B1F /* ZebraPrinterNFCDemoTests.xctest */,
				D4BC018720604B5E00BF5B1F /* ZebraPrinterNFCDemoUITests.xctest */,
			);
			name = Products;
			sourceTree = "<group>";
		};
		D4BC016620604B5E00BF5B1F /* ZebraPrinterNFCDemo */ = {
			isa = PBXGroup;
			children = (
				D4BC0199206052EE00BF5B1F /* ZebraPrinterNFCDemo.entitlements */,
				D4BC016720604B5E00BF5B1F /* AppDelegate.h */,
				D4BC016820604B5E00BF5B1F /* AppDelegate.m */,
				D4BC016A20604B5E00BF5B1F /* ViewController.h */,
				D4BC016B20604B5E00BF5B1F /* ViewController.m */,
				D4BC01A020606AC700BF5B1F /* ScannedTagsTableViewController.h */,
				D4BC01A120606AC700BF5B1F /* ScannedTagsTableViewController.m */,
				D4BC01A320606B2700BF5B1F /* TagDetailTableViewController.h */,
				D4BC01A420606B2700BF5B1F /* TagDetailTableViewController.m */,
				D43A6D09206985B1001618BC /* TagDetailTableViewCell.h */,
				D43A6D0A206985B1001618BC /* TagDetailTableViewCell.m */,
				D43A6D0C206BE356001618BC /* PrinterStatusViewController.h */,
				D43A6D0D206BE356001618BC /* PrinterStatusViewController.m */,
				D4872359207EB14000ED4C08 /* ZebraBTLEConnection.h */,
				D487235A207EB14000ED4C08 /* ZebraBTLEConnection.m */,
				D4AABAF4208AE75300315F64 /* ZebraPrinterStatus.h */,
				D4AABAF5208AE75300315F64 /* ZebraPrinterStatus.m */,
				D41107E3206C8E470081777D /* Util.h */,
				D41107E4206C8E470081777D /* Util.m */,
				D4BC017020604B5E00BF5B1F /* Assets.xcassets */,
				D4BC019E2060568D00BF5B1F /* Main.storyboard */,
				D4BC017220604B5E00BF5B1F /* LaunchScreen.storyboard */,
				D4BC017520604B5E00BF5B1F /* Info.plist */,
				D4BC017620604B5E00BF5B1F /* main.m */,
			);
			path = ZebraPrinterNFCDemo;
			sourceTree = "<group>";
		};
/* End PBXGroup section */

/* Begin PBXNativeTarget section */
		D4BC016320604B5E00BF5B1F /* ZebraPrinterNFCDemo */ = {
			isa = PBXNativeTarget;
			buildConfigurationList = D4BC019020604B5E00BF5B1F /* Build configuration list for PBXNativeTarget "ZebraPrinterNFCDemo" */;
			buildPhases = (
				D4BC016020604B5E00BF5B1F /* Sources */,
				D4BC016120604B5E00BF5B1F /* Frameworks */,
				D4BC016220604B5E00BF5B1F /* Resources */,
			);
			buildRules = (
			);
			dependencies = (
			);
			name = ZebraPrinterNFCDemo;
			productName = ZebraPrinterNFCDemo;
			productReference = D4BC016420604B5E00BF5B1F /* ZebraPrinterNFCDemo.app */;
			productType = "com.apple.product-type.application";
		};
		D4BC017B20604B5E00BF5B1F /* ZebraPrinterNFCDemoTests */ = {
			isa = PBXNativeTarget;
			buildConfigurationList = D4BC019320604B5E00BF5B1F /* Build configuration list for PBXNativeTarget "ZebraPrinterNFCDemoTests" */;
			buildPhases = (
				D4BC017820604B5E00BF5B1F /* Sources */,
				D4BC017920604B5E00BF5B1F /* Frameworks */,
				D4BC017A20604B5E00BF5B1F /* Resources */,
			);
			buildRules = (
			);
			dependencies = (
				D4BC017E20604B5E00BF5B1F /* PBXTargetDependency */,
			);
			name = ZebraPrinterNFCDemoTests;
			productName = ZebraPrinterNFCDemoTests;
			productReference = D4BC017C20604B5E00BF5B1F /* ZebraPrinterNFCDemoTests.xctest */;
			productType = "com.apple.product-type.bundle.unit-test";
		};
		D4BC018620604B5E00BF5B1F /* ZebraPrinterNFCDemoUITests */ = {
			isa = PBXNativeTarget;
			buildConfigurationList = D4BC019620604B5E00BF5B1F /* Build configuration list for PBXNativeTarget "ZebraPrinterNFCDemoUITests" */;
			buildPhases = (
				D4BC018320604B5E00BF5B1F /* Sources */,
				D4BC018420604B5E00BF5B1F /* Frameworks */,
				D4BC018520604B5E00BF5B1F /* Resources */,
			);
			buildRules = (
			);
			dependencies = (
				D4BC018920604B5E00BF5B1F /* PBXTargetDependency */,
			);
			name = ZebraPrinterNFCDemoUITests;
			productName = ZebraPrinterNFCDemoUITests;
			productReference = D4BC018720604B5E00BF5B1F /* ZebraPrinterNFCDemoUITests.xctest */;
			productType = "com.apple.product-type.bundle.ui-testing";
		};
/* End PBXNativeTarget section */

/* Begin PBXProject section */
		D4BC015C20604B5E00BF5B1F /* Project object */ = {
			isa = PBXProject;
			attributes = {
				LastUpgradeCheck = 0930;
				ORGANIZATIONNAME = Zebra;
				TargetAttributes = {
					D4BC016320604B5E00BF5B1F = {
						CreatedOnToolsVersion = 9.2;
						ProvisioningStyle = Automatic;
						SystemCapabilities = {
							com.apple.BackgroundModes = {
								enabled = 0;
							};
							com.apple.NearFieldCommunicationTagReading = {
								enabled = 1;
							};
						};
					};
					D4BC017B20604B5E00BF5B1F = {
						CreatedOnToolsVersion = 9.2;
						ProvisioningStyle = Automatic;
						TestTargetID = D4BC016320604B5E00BF5B1F;
					};
					D4BC018620604B5E00BF5B1F = {
						CreatedOnToolsVersion = 9.2;
						ProvisioningStyle = Automatic;
						TestTargetID = D4BC016320604B5E00BF5B1F;
					};
				};
			};
			buildConfigurationList = D4BC015F20604B5E00BF5B1F /* Build configuration list for PBXProject "ZebraPrinterNFCDemo" */;
			compatibilityVersion = "Xcode 8.0";
			developmentRegion = en;
			hasScannedForEncodings = 0;
			knownRegions = (
				en,
				Base,
			);
			mainGroup = D4BC015B20604B5E00BF5B1F;
			productRefGroup = D4BC016520604B5E00BF5B1F /* Products */;
			projectDirPath = "";
			projectRoot = "";
			targets = (
				D4BC016320604B5E00BF5B1F /* ZebraPrinterNFCDemo */,
				D4BC017B20604B5E00BF5B1F /* ZebraPrinterNFCDemoTests */,
				D4BC018620604B5E00BF5B1F /* ZebraPrinterNFCDemoUITests */,
			);
		};
/* End PBXProject section */

/* Begin PBXResourcesBuildPhase section */
		D4BC016220604B5E00BF5B1F /* Resources */ = {
			isa = PBXResourcesBuildPhase;
			buildActionMask = 2147483647;
			files = (
				D4BC017420604B5E00BF5B1F /* LaunchScreen.storyboard in Resources */,
				D4BC017120604B5E00BF5B1F /* Assets.xcassets in Resources */,
				D4BC019F2060568D00BF5B1F /* Main.storyboard in Resources */,
			);
			runOnlyForDeploymentPostprocessing = 0;
		};
		D4BC017A20604B5E00BF5B1F /* Resources */ = {
			isa = PBXResourcesBuildPhase;
			buildActionMask = 2147483647;
			files = (
			);
			runOnlyForDeploymentPostprocessing = 0;
		};
		D4BC018520604B5E00BF5B1F /* Resources */ = {
			isa = PBXResourcesBuildPhase;
			buildActionMask = 2147483647;
			files = (
			);
			runOnlyForDeploymentPostprocessing = 0;
		};
/* End PBXResourcesBuildPhase section */

/* Begin PBXSourcesBuildPhase section */
		D4BC016020604B5E00BF5B1F /* Sources */ = {
			isa = PBXSourcesBuildPhase;
			buildActionMask = 2147483647;
			files = (
				D4BC016C20604B5E00BF5B1F /* ViewController.m in Sources */,
				D4BC017720604B5E00BF5B1F /* main.m in Sources */,
				D43A6D0E206BE356001618BC /* PrinterStatusViewController.m in Sources */,
				D487235B207EB14100ED4C08 /* ZebraBTLEConnection.m in Sources */,
				D4BC01A220606AC700BF5B1F /* ScannedTagsTableViewController.m in Sources */,
				D4AABAF6208AE75300315F64 /* ZebraPrinterStatus.m in Sources */,
				D4BC01A520606B2700BF5B1F /* TagDetailTableViewController.m in Sources */,
				D4BC016920604B5E00BF5B1F /* AppDelegate.m in Sources */,
				D43A6D0B206985B1001618BC /* TagDetailTableViewCell.m in Sources */,
				D41107E5206C8E470081777D /* Util.m in Sources */,
			);
			runOnlyForDeploymentPostprocessing = 0;
		};
		D4BC017820604B5E00BF5B1F /* Sources */ = {
			isa = PBXSourcesBuildPhase;
			buildActionMask = 2147483647;
			files = (
			);
			runOnlyForDeploymentPostprocessing = 0;
		};
		D4BC018320604B5E00BF5B1F /* Sources */ = {
			isa = PBXSourcesBuildPhase;
			buildActionMask = 2147483647;
			files = (
			);
			runOnlyForDeploymentPostprocessing = 0;
		};
/* End PBXSourcesBuildPhase section */

/* Begin PBXTargetDependency section */
		D4BC017E20604B5E00BF5B1F /* PBXTargetDependency */ = {
			isa = PBXTargetDependency;
			target = D4BC016320604B5E00BF5B1F /* ZebraPrinterNFCDemo */;
			targetProxy = D4BC017D20604B5E00BF5B1F /* PBXContainerItemProxy */;
		};
		D4BC018920604B5E00BF5B1F /* PBXTargetDependency */ = {
			isa = PBXTargetDependency;
			target = D4BC016320604B5E00BF5B1F /* ZebraPrinterNFCDemo */;
			targetProxy = D4BC018820604B5E00BF5B1F /* PBXContainerItemProxy */;
		};
/* End PBXTargetDependency section */

/* Begin PBXVariantGroup section */
		D4BC017220604B5E00BF5B1F /* LaunchScreen.storyboard */ = {
			isa = PBXVariantGroup;
			children = (
				D4BC017320604B5E00BF5B1F /* Base */,
			);
			name = LaunchScreen.storyboard;
			sourceTree = "<group>";
		};
/* End PBXVariantGroup section */

/* Begin XCBuildConfiguration section */
		D4BC018E20604B5E00BF5B1F /* Debug */ = {
			isa = XCBuildConfiguration;
			buildSettings = {
				ALWAYS_SEARCH_USER_PATHS = NO;
				CLANG_ANALYZER_NONNULL = YES;
				CLANG_ANALYZER_NUMBER_OBJECT_CONVERSION = YES_AGGRESSIVE;
				CLANG_CXX_LANGUAGE_STANDARD = "gnu++14";
				CLANG_CXX_LIBRARY = "libc++";
				CLANG_ENABLE_MODULES = YES;
				CLANG_ENABLE_OBJC_ARC = YES;
				CLANG_WARN_BLOCK_CAPTURE_AUTORELEASING = YES;
				CLANG_WARN_BOOL_CONVERSION = YES;
				CLANG_WARN_COMMA = YES;
				CLANG_WARN_CONSTANT_CONVERSION = YES;
				CLANG_WARN_DEPRECATED_OBJC_IMPLEMENTATIONS = YES;
				CLANG_WARN_DIRECT_OBJC_ISA_USAGE = YES_ERROR;
				CLANG_WARN_DOCUMENTATION_COMMENTS = YES;
				CLANG_WARN_EMPTY_BODY = YES;
				CLANG_WARN_ENUM_CONVERSION = YES;
				CLANG_WARN_INFINITE_RECURSION = YES;
				CLANG_WARN_INT_CONVERSION = YES;
				CLANG_WARN_NON_LITERAL_NULL_CONVERSION = YES;
				CLANG_WARN_OBJC_IMPLICIT_RETAIN_SELF = YES;
				CLANG_WARN_OBJC_LITERAL_CONVERSION = YES;
				CLANG_WARN_OBJC_ROOT_CLASS = YES_ERROR;
				CLANG_WARN_RANGE_LOOP_ANALYSIS = YES;
				CLANG_WARN_STRICT_PROTOTYPES = YES;
				CLANG_WARN_SUSPICIOUS_MOVE = YES;
				CLANG_WARN_UNGUARDED_AVAILABILITY = YES_AGGRESSIVE;
				CLANG_WARN_UNREACHABLE_CODE = YES;
				CLANG_WARN__DUPLICATE_METHOD_MATCH = YES;
				CODE_SIGN_IDENTITY = "iPhone Developer";
				COPY_PHASE_STRIP = NO;
				DEBUG_INFORMATION_FORMAT = dwarf;
				ENABLE_STRICT_OBJC_MSGSEND = YES;
				ENABLE_TESTABILITY = YES;
				GCC_C_LANGUAGE_STANDARD = gnu11;
				GCC_DYNAMIC_NO_PIC = NO;
				GCC_NO_COMMON_BLOCKS = YES;
				GCC_OPTIMIZATION_LEVEL = 0;
				GCC_PREPROCESSOR_DEFINITIONS = (
					"DEBUG=1",
					"$(inherited)",
				);
				GCC_WARN_64_TO_32_BIT_CONVERSION = YES;
				GCC_WARN_ABOUT_RETURN_TYPE = YES_ERROR;
				GCC_WARN_UNDECLARED_SELECTOR = YES;
				GCC_WARN_UNINITIALIZED_AUTOS = YES_AGGRESSIVE;
				GCC_WARN_UNUSED_FUNCTION = YES;
				GCC_WARN_UNUSED_VARIABLE = YES;
				IPHONEOS_DEPLOYMENT_TARGET = 11.2;
				MTL_ENABLE_DEBUG_INFO = YES;
				ONLY_ACTIVE_ARCH = YES;
				SDKROOT = iphoneos;
			};
			name = Debug;
		};
		D4BC018F20604B5E00BF5B1F /* Release */ = {
			isa = XCBuildConfiguration;
			buildSettings = {
				ALWAYS_SEARCH_USER_PATHS = NO;
				CLANG_ANALYZER_NONNULL = YES;
				CLANG_ANALYZER_NUMBER_OBJECT_CONVERSION = YES_AGGRESSIVE;
				CLANG_CXX_LANGUAGE_STANDARD = "gnu++14";
				CLANG_CXX_LIBRARY = "libc++";
				CLANG_ENABLE_MODULES = YES;
				CLANG_ENABLE_OBJC_ARC = YES;
				CLANG_WARN_BLOCK_CAPTURE_AUTORELEASING = YES;
				CLANG_WARN_BOOL_CONVERSION = YES;
				CLANG_WARN_COMMA = YES;
				CLANG_WARN_CONSTANT_CONVERSION = YES;
				CLANG_WARN_DEPRECATED_OBJC_IMPLEMENTATIONS = YES;
				CLANG_WARN_DIRECT_OBJC_ISA_USAGE = YES_ERROR;
				CLANG_WARN_DOCUMENTATION_COMMENTS = YES;
				CLANG_WARN_EMPTY_BODY = YES;
				CLANG_WARN_ENUM_CONVERSION = YES;
				CLANG_WARN_INFINITE_RECURSION = YES;
				CLANG_WARN_INT_CONVERSION = YES;
				CLANG_WARN_NON_LITERAL_NULL_CONVERSION = YES;
				CLANG_WARN_OBJC_IMPLICIT_RETAIN_SELF = YES;
				CLANG_WARN_OBJC_LITERAL_CONVERSION = YES;
				CLANG_WARN_OBJC_ROOT_CLASS = YES_ERROR;
				CLANG_WARN_RANGE_LOOP_ANALYSIS = YES;
				CLANG_WARN_STRICT_PROTOTYPES = YES;
				CLANG_WARN_SUSPICIOUS_MOVE = YES;
				CLANG_WARN_UNGUARDED_AVAILABILITY = YES_AGGRESSIVE;
				CLANG_WARN_UNREACHABLE_CODE = YES;
				CLANG_WARN__DUPLICATE_METHOD_MATCH = YES;
				CODE_SIGN_IDENTITY = "iPhone Developer";
				COPY_PHASE_STRIP = NO;
				DEBUG_INFORMATION_FORMAT = "dwarf-with-dsym";
				ENABLE_NS_ASSERTIONS = NO;
				ENABLE_STRICT_OBJC_MSGSEND = YES;
				GCC_C_LANGUAGE_STANDARD = gnu11;
				GCC_NO_COMMON_BLOCKS = YES;
				GCC_WARN_64_TO_32_BIT_CONVERSION = YES;
				GCC_WARN_ABOUT_RETURN_TYPE = YES_ERROR;
				GCC_WARN_UNDECLARED_SELECTOR = YES;
				GCC_WARN_UNINITIALIZED_AUTOS = YES_AGGRESSIVE;
				GCC_WARN_UNUSED_FUNCTION = YES;
				GCC_WARN_UNUSED_VARIABLE = YES;
				IPHONEOS_DEPLOYMENT_TARGET = 11.2;
				MTL_ENABLE_DEBUG_INFO = NO;
				SDKROOT = iphoneos;
				VALIDATE_PRODUCT = YES;
			};
			name = Release;
		};
		D4BC019120604B5E00BF5B1F /* Debug */ = {
			isa = XCBuildConfiguration;
			buildSettings = {
				ASSETCATALOG_COMPILER_APPICON_NAME = AppIcon;
				CODE_SIGN_ENTITLEMENTS = ZebraPrinterNFCDemo/ZebraPrinterNFCDemo.entitlements;
				CODE_SIGN_STYLE = Automatic;
				DEVELOPMENT_TEAM = R23Q3G355X;
				INFOPLIST_FILE = ZebraPrinterNFCDemo/Info.plist;
				LD_RUNPATH_SEARCH_PATHS = "$(inherited) @executable_path/Frameworks";
				PRODUCT_BUNDLE_IDENTIFIER = com.zebra.ZebraPrinterNFCDemoSSi;
				PRODUCT_NAME = "$(TARGET_NAME)";
				TARGETED_DEVICE_FAMILY = "1,2";
			};
			name = Debug;
		};
		D4BC019220604B5E00BF5B1F /* Release */ = {
			isa = XCBuildConfiguration;
			buildSettings = {
				ASSETCATALOG_COMPILER_APPICON_NAME = AppIcon;
				CODE_SIGN_ENTITLEMENTS = ZebraPrinterNFCDemo/ZebraPrinterNFCDemo.entitlements;
				CODE_SIGN_STYLE = Automatic;
				DEVELOPMENT_TEAM = R23Q3G355X;
				INFOPLIST_FILE = ZebraPrinterNFCDemo/Info.plist;
				LD_RUNPATH_SEARCH_PATHS = "$(inherited) @executable_path/Frameworks";
				PRODUCT_BUNDLE_IDENTIFIER = com.zebra.ZebraPrinterNFCDemoSSi;
				PRODUCT_NAME = "$(TARGET_NAME)";
				TARGETED_DEVICE_FAMILY = "1,2";
			};
			name = Release;
		};
		D4BC019420604B5E00BF5B1F /* Debug */ = {
			isa = XCBuildConfiguration;
			buildSettings = {
				BUNDLE_LOADER = "$(TEST_HOST)";
				CODE_SIGN_STYLE = Automatic;
				DEVELOPMENT_TEAM = W4T6449ACA;
				INFOPLIST_FILE = ZebraPrinterNFCDemoTests/Info.plist;
				LD_RUNPATH_SEARCH_PATHS = "$(inherited) @executable_path/Frameworks @loader_path/Frameworks";
				PRODUCT_BUNDLE_IDENTIFIER = com.zebra.ZebraPrinterNFCDemoTests;
				PRODUCT_NAME = "$(TARGET_NAME)";
				TARGETED_DEVICE_FAMILY = "1,2";
				TEST_HOST = "$(BUILT_PRODUCTS_DIR)/ZebraPrinterNFCDemo.app/ZebraPrinterNFCDemo";
			};
			name = Debug;
		};
		D4BC019520604B5E00BF5B1F /* Release */ = {
			isa = XCBuildConfiguration;
			buildSettings = {
				BUNDLE_LOADER = "$(TEST_HOST)";
				CODE_SIGN_STYLE = Automatic;
				DEVELOPMENT_TEAM = W4T6449ACA;
				INFOPLIST_FILE = ZebraPrinterNFCDemoTests/Info.plist;
				LD_RUNPATH_SEARCH_PATHS = "$(inherited) @executable_path/Frameworks @loader_path/Frameworks";
				PRODUCT_BUNDLE_IDENTIFIER = com.zebra.ZebraPrinterNFCDemoTests;
				PRODUCT_NAME = "$(TARGET_NAME)";
				TARGETED_DEVICE_FAMILY = "1,2";
				TEST_HOST = "$(BUILT_PRODUCTS_DIR)/ZebraPrinterNFCDemo.app/ZebraPrinterNFCDemo";
			};
			name = Release;
		};
		D4BC019720604B5E00BF5B1F /* Debug */ = {
			isa = XCBuildConfiguration;
			buildSettings = {
				CODE_SIGN_STYLE = Automatic;
				DEVELOPMENT_TEAM = W4T6449ACA;
				INFOPLIST_FILE = ZebraPrinterNFCDemoUITests/Info.plist;
				LD_RUNPATH_SEARCH_PATHS = "$(inherited) @executable_path/Frameworks @loader_path/Frameworks";
				PRODUCT_BUNDLE_IDENTIFIER = com.zebra.ZebraPrinterNFCDemoUITests;
				PRODUCT_NAME = "$(TARGET_NAME)";
				TARGETED_DEVICE_FAMILY = "1,2";
				TEST_TARGET_NAME = ZebraPrinterNFCDemo;
			};
			name = Debug;
		};
		D4BC019820604B5E00BF5B1F /* Release */ = {
			isa = XCBuildConfiguration;
			buildSettings = {
				CODE_SIGN_STYLE = Automatic;
				DEVELOPMENT_TEAM = W4T6449ACA;
				INFOPLIST_FILE = ZebraPrinterNFCDemoUITests/Info.plist;
				LD_RUNPATH_SEARCH_PATHS = "$(inherited) @executable_path/Frameworks @loader_path/Frameworks";
				PRODUCT_BUNDLE_IDENTIFIER = com.zebra.ZebraPrinterNFCDemoUITests;
				PRODUCT_NAME = "$(TARGET_NAME)";
				TARGETED_DEVICE_FAMILY = "1,2";
				TEST_TARGET_NAME = ZebraPrinterNFCDemo;
			};
			name = Release;
		};
/* End XCBuildConfiguration section */

/* Begin XCConfigurationList section */
		D4BC015F20604B5E00BF5B1F /* Build configuration list for PBXProject "ZebraPrinterNFCDemo" */ = {
			isa = XCConfigurationList;
			buildConfigurations = (
				D4BC018E20604B5E00BF5B1F /* Debug */,
				D4BC018F20604B5E00BF5B1F /* Release */,
			);
			defaultConfigurationIsVisible = 0;
			defaultConfigurationName = Release;
		};
		D4BC019020604B5E00BF5B1F /* Build configuration list for PBXNativeTarget "ZebraPrinterNFCDemo" */ = {
			isa = XCConfigurationList;
			buildConfigurations = (
				D4BC019120604B5E00BF5B1F /* Debug */,
				D4BC019220604B5E00BF5B1F /* Release */,
			);
			defaultConfigurationIsVisible = 0;
			defaultConfigurationName = Release;
		};
		D4BC019320604B5E00BF5B1F /* Build configuration list for PBXNativeTarget "ZebraPrinterNFCDemoTests" */ = {
			isa = XCConfigurationList;
			buildConfigurations = (
				D4BC019420604B5E00BF5B1F /* Debug */,
				D4BC019520604B5E00BF5B1F /* Release */,
			);
			defaultConfigurationIsVisible = 0;
			defaultConfigurationName = Release;
		};
		D4BC019620604B5E00BF5B1F /* Build configuration list for PBXNativeTarget "ZebraPrinterNFCDemoUITests" */ = {
			isa = XCConfigurationList;
			buildConfigurations = (
				D4BC019720604B5E00BF5B1F /* Debug */,
				D4BC019820604B5E00BF5B1F /* Release */,
			);
			defaultConfigurationIsVisible = 0;
			defaultConfigurationName = Release;
		};
/* End XCConfigurationList section */
	};
	rootObject = D4BC015C20604B5E00BF5B1F /* Project object */;
}
